<Solution>
  <Configurations>
    <Platform Name="x64" />
    <Platform Name="x86" />
  </Configurations>
  <Project Path="CW1/CW1.vcxproj" Id="2c35f54d-1d50-4fa6-adfa-ed31f3eaae72" />
  <Project Path="CW2/CW2.vcxproj" Id="a4f59b79-e000-4db6-9ca9-74caf6b0f79d" />
  <Project Path="CW2_2/CW2_2.vcxproj" Id="332fc1dd-c81d-4230-9b6c-ebb1803c0e29" />
  <Project Path="CW2_3/CW2_3.vcxproj" Id="f788250c-43ff-46f2-87e8-bdf86844737a" />
  <Project Path="CW3/CW3.vcxproj" Id="407d02c8-3dd7-48f3-88f1-ad5e078079f4" />
  <Project Path="CW4/CW4.vcxproj" Id="bc678f20-acda-4bcc-86f5-c8bb8eadf8c7" />
  <Project Path="CW5/CW5.vcxproj" Id="89330884-67a9-4ad2-8e86-c3175c006853" />
  <Project Path="CW6/CW6.vcxproj" Id="ac6509a4-8e2d-4e20-9e80-7df7188de24e" />
  <Project Path="CW7/CW7.vcxproj" Id="60a5c8a2-19fe-4f2b-b76a-410b2b9563c8" />
  <Project Path="CW7_2/CW7_2.vcxproj" Id="697c9ca4-41cf-49b5-9e0c-7e28094d0831" />
</Solution>
